<?xml version="1.0" encoding="UTF-8"?>
<Scheme
   LastUpgradeVersion = "0710"
   version = "1.3">
   <BuildAction
      parallelizeBuildables = "YES"
      buildImplicitDependencies = "YES">
      <BuildActionEntries>
         <BuildActionEntry
            buildForTesting = "YES"
            buildForRunning = "YES"
            buildForProfiling = "YES"
            buildForArchiving = "YES"
            buildForAnalyzing = "YES">
            <BuildableReference
               BuildableIdentifier = "primary"
               BlueprintIdentifier = "B10D75991C037CB600499B20"
               BuildableName = "&#x7701;&#x5fc3;&#x5929;&#x6c14; WatchKit 1 App.app"
               BlueprintName = "&#x7701;&#x5fc3;&#x5929;&#x6c14; WatchKit 1 App"
               ReferencedContainer = "container:Wear.xcodeproj">
            </BuildableReference>
         </BuildActionEntry>
         <BuildActionEntry
            buildForTesting = "YES"
            buildForRunning = "YES"
            buildForProfiling = "YES"
            buildForArchiving = "YES"
            buildForAnalyzing = "YES">
            <BuildableReference
               BuildableIdentifier = "primary"
               BlueprintIdentifier = "B10D75871C037CB600499B20"
               BuildableName = "&#x7701;&#x5fc3;&#x5929;&#x6c14; WatchKit 1 Extension.appex"
               BlueprintName = "&#x7701;&#x5fc3;&#x5929;&#x6c14; WatchKit 1 Extension"
               ReferencedContainer = "container:Wear.xcodeproj">
            </BuildableReference>
         </BuildActionEntry>
         <BuildActionEntry
            buildForTesting = "YES"
            buildForRunning = "YES"
            buildForProfiling = "YES"
            buildForArchiving = "YES"
            buildForAnalyzing = "YES">
            <BuildableReference
               BuildableIdentifier = "primary"
               BlueprintIdentifier = "B1404F701BCA0C3000078EE9"
               BuildableName = "Wear.app"
               BlueprintName = "Wear"
               ReferencedContainer = "container:Wear.xcodeproj">
            </BuildableReference>
         </BuildActionEntry>
      </BuildActionEntries>
   </BuildAction>
   <TestAction
      buildConfiguration = "Debug"
      selectedDebuggerIdentifier = "Xcode.DebuggerFoundation.Debugger.LLDB"
      selectedLauncherIdentifier = "Xcode.DebuggerFoundation.Launcher.LLDB"
      shouldUseLaunchSchemeArgsEnv = "YES">
      <Testables>
      </Testables>
      <MacroExpansion>
         <BuildableReference
            BuildableIdentifier = "primary"
            BlueprintIdentifier = "B10D75991C037CB600499B20"
            BuildableName = "&#x7701;&#x5fc3;&#x5929;&#x6c14; WatchKit 1 App.app"
            BlueprintName = "&#x7701;&#x5fc3;&#x5929;&#x6c14; WatchKit 1 App"
            ReferencedContainer = "container:Wear.xcodeproj">
         </BuildableReference>
      </MacroExpansion>
      <AdditionalOptions>
      </AdditionalOptions>
   </TestAction>
   <LaunchAction
      buildConfiguration = "Debug"
      selectedDebuggerIdentifier = "Xcode.DebuggerFoundation.Debugger.LLDB"
      selectedLauncherIdentifier = "Xcode.DebuggerFoundation.Launcher.LLDB"
      launchStyle = "0"
      useCustomWorkingDirectory = "NO"
      ignoresPersistentStateOnLaunch = "NO"
      debugDocumentVersioning = "YES"
      debugServiceExtension = "internal"
      allowLocationSimulation = "YES">
      <RemoteRunnable
         runnableDebuggingMode = "2"
         BundleIdentifier = "com.apple.carousel"
         RemotePath = "/&#x7701;&#x5fc3;&#x5929;&#x6c14;">
         <BuildableReference
            BuildableIdentifier = "primary"
            BlueprintIdentifier = "B10D75991C037CB600499B20"
            BuildableName = "&#x7701;&#x5fc3;&#x5929;&#x6c14; WatchKit 1 App.app"
            BlueprintName = "&#x7701;&#x5fc3;&#x5929;&#x6c14; WatchKit 1 App"
            ReferencedContainer = "container:Wear.xcodeproj">
         </BuildableReference>
      </RemoteRunnable>
      <MacroExpansion>
         <BuildableReference
            BuildableIdentifier = "primary"
            BlueprintIdentifier = "B10D75991C037CB600499B20"
            BuildableName = "&#x7701;&#x5fc3;&#x5929;&#x6c14; WatchKit 1 App.app"
            BlueprintName = "&#x7701;&#x5fc3;&#x5929;&#x6c14; WatchKit 1 App"
            ReferencedContainer = "container:Wear.xcodeproj">
         </BuildableReference>
      </MacroExpansion>
      <AdditionalOptions>
      </AdditionalOptions>
   </LaunchAction>
   <ProfileAction
      buildConfiguration = "Release"
      shouldUseLaunchSchemeArgsEnv = "YES"
      savedToolIdentifier = ""
      useCustomWorkingDirectory = "NO"
      debugDocumentVersioning = "YES">
      <RemoteRunnable
         runnableDebuggingMode = "2"
         BundleIdentifier = "com.apple.carousel"
         RemotePath = "/&#x7701;&#x5fc3;&#x5929;&#x6c14;">
         <BuildableReference
            BuildableIdentifier = "primary"
            BlueprintIdentifier = "B10D75991C037CB600499B20"
            BuildableName = "&#x7701;&#x5fc3;&#x5929;&#x6c14; WatchKit 1 App.app"
            BlueprintName = "&#x7701;&#x5fc3;&#x5929;&#x6c14; WatchKit 1 App"
            ReferencedContainer = "container:Wear.xcodeproj">
         </BuildableReference>
      </RemoteRunnable>
      <MacroExpansion>
         <BuildableReference
            BuildableIdentifier = "primary"
            BlueprintIdentifier = "B10D75991C037CB600499B20"
            BuildableName = "&#x7701;&#x5fc3;&#x5929;&#x6c14; WatchKit 1 App.app"
            BlueprintName = "&#x7701;&#x5fc3;&#x5929;&#x6c14; WatchKit 1 App"
            ReferencedContainer = "container:Wear.xcodeproj">
         </BuildableReference>
      </MacroExpansion>
   </ProfileAction>
   <AnalyzeAction
      buildConfiguration = "Debug">
   </AnalyzeAction>
   <ArchiveAction
      buildConfiguration = "Release"
      revealArchiveInOrganizer = "YES">
   </ArchiveAction>
</Scheme>
